
Microsoft Visual Studio Solution File, Format Version 12.00
# Visual Studio Version 17
VisualStudioVersion = 17.10.34928.147
MinimumVisualStudioVersion = 10.0.40219.1
Project("{FAE04EC0-301F-11D3-BF4B-00C04F79EFBC}") = "CondominiumManagerApi", "CondominiumManagerApi\CondominiumManagerApi.csproj", "{AFD6EF14-A07B-4E74-A85D-F7D364DED3FA}"
EndProject
Global
	GlobalSection(SolutionConfigurationPlatforms) = preSolution
		Debug|Any CPU = Debug|Any CPU
		Release|Any CPU = Release|Any CPU
	EndGlobalSection
	GlobalSection(ProjectConfigurationPlatforms) = postSolution
		{AFD6EF14-A07B-4E74-A85D-F7D364DED3FA}.Debug|Any CPU.ActiveCfg = Debug|Any CPU
		{AFD6EF14-A07B-4E74-A85D-F7D364DED3FA}.Debug|Any CPU.Build.0 = Debug|Any CPU
		{AFD6EF14-A07B-4E74-A85D-F7D364DED3FA}.Release|Any CPU.ActiveCfg = Release|Any CPU
		{AFD6EF14-A07B-4E74-A85D-F7D364DED3FA}.Release|Any CPU.Build.0 = Release|Any CPU
	EndGlobalSection
	GlobalSection(SolutionProperties) = preSolution
		HideSolutionNode = FALSE
	EndGlobalSection
	GlobalSection(ExtensibilityGlobals) = postSolution
		SolutionGuid = {2E535F49-6364-45BD-A44C-B532634421D1}
	EndGlobalSection
EndGlobal
